<?xml version="1.0" encoding="utf-8"?>
<Project ToolsVersion="4.0" xmlns="http://schemas.microsoft.com/developer/msbuild/2003">
  <ItemGroup>
    <Filter Include="Source Files">
      <UniqueIdentifier>{4FC737F1-C7A5-4376-A066-2A32D752A2FF}</UniqueIdentifier>
      <Extensions>cpp;c;cc;cxx;c++;cppm;ixx;def;odl;idl;hpj;bat;asm;asmx</Extensions>
    </Filter>
    <Filter Include="Header Files">
      <UniqueIdentifier>{93995380-89BD-4b04-88EB-625FBE52EBFB}</UniqueIdentifier>
      <Extensions>h;hh;hpp;hxx;h++;hm;inl;inc;ipp;xsd</Extensions>
    </Filter>
    <Filter Include="Resource Files">
      <UniqueIdentifier>{67DA6AB6-F800-4c08-8B7A-83BB121AAD01}</UniqueIdentifier>
      <Extensions>rc;ico;cur;bmp;dlg;rc2;rct;bin;rgs;gif;jpg;jpeg;jpe;resx;tiff;tif;png;wav;mfcribbon-ms</Extensions>
    </Filter>
    <Filter Include="Objects">
      <UniqueIdentifier>{dc271a34-c867-4fdb-8e90-a808784358f7}</UniqueIdentifier>
    </Filter>
    <Filter Include="Objects\Enemies">
      <UniqueIdentifier>{a2887d18-21e7-4c2f-8cee-7cd0845c1beb}</UniqueIdentifier>
    </Filter>
  </ItemGroup>
  <ItemGroup>
    <ClCompile Include="ActionPlane.cpp">
      <Filter>Source Files</Filter>
    </ClCompile>
    <ClCompile Include="Animation.cpp">
      <Filter>Source Files</Filter>
    </ClCompile>
    <ClCompile Include="AnimationsManager.cpp">
      <Filter>Source Files</Filter>
    </ClCompile>
    <ClCompile Include="AssetsManager.cpp">
      <Filter>Source Files</Filter>
    </ClCompile>
    <ClCompile Include="AudioManager.cpp">
      <Filter>Source Files</Filter>
    </ClCompile>
    <ClCompile Include="BaseCharacter.cpp">
      <Filter>Source Files</Filter>
    </ClCompile>
    <ClCompile Include="BaseEngine.cpp">
      <Filter>Source Files</Filter>
    </ClCompile>
    <ClCompile Include="BasePlaneObject.cpp">
      <Filter>Source Files</Filter>
    </ClCompile>
    <ClCompile Include="ClawLevelEngine.cpp">
      <Filter>Source Files</Filter>
    </ClCompile>
    <ClCompile Include="CollisionDistances.cpp">
      <Filter>Source Files</Filter>
    </ClCompile>
    <ClCompile Include="GameMainApp.cpp">
      <Filter>Source Files</Filter>
    </ClCompile>
    <ClCompile Include="ImagesManager.cpp">
      <Filter>Source Files</Filter>
    </ClCompile>
    <ClCompile Include="LevelHUD.cpp">
      <Filter>Source Files</Filter>
    </ClCompile>
    <ClCompile Include="LevelMap.cpp">
      <Filter>Source Files</Filter>
    </ClCompile>
    <ClCompile Include="LevelPlane.cpp">
      <Filter>Source Files</Filter>
    </ClCompile>
    <ClCompile Include="main.cpp">
      <Filter>Source Files</Filter>
    </ClCompile>
    <ClCompile Include="MenuEngine.cpp">
      <Filter>Source Files</Filter>
    </ClCompile>
    <ClCompile Include="MidiPlayer.cpp">
      <Filter>Source Files</Filter>
    </ClCompile>
    <ClCompile Include="Miniz.cpp">
      <Filter>Source Files</Filter>
    </ClCompile>
    <ClCompile Include="PathManager.cpp">
      <Filter>Source Files</Filter>
    </ClCompile>
    <ClCompile Include="PidPalette.cpp">
      <Filter>Source Files</Filter>
    </ClCompile>
    <ClCompile Include="Player.cpp">
      <Filter>Source Files</Filter>
    </ClCompile>
    <ClCompile Include="RezArchive.cpp">
      <Filter>Source Files</Filter>
    </ClCompile>
    <ClCompile Include="UIBaseButton.cpp">
      <Filter>Source Files</Filter>
    </ClCompile>
    <ClCompile Include="UIBaseElement.cpp">
      <Filter>Source Files</Filter>
    </ClCompile>
    <ClCompile Include="UIBaseImage.cpp">
      <Filter>Source Files</Filter>
    </ClCompile>
    <ClCompile Include="WavPlayer.cpp">
      <Filter>Source Files</Filter>
    </ClCompile>
    <ClCompile Include="WindowManager.cpp">
      <Filter>Source Files</Filter>
    </ClCompile>
    <ClCompile Include="WwdFile.cpp">
      <Filter>Source Files</Filter>
    </ClCompile>
    <ClCompile Include="XmiFile.cpp">
      <Filter>Source Files</Filter>
    </ClCompile>
    <ClCompile Include="Objects\Cannon.cpp">
      <Filter>Objects</Filter>
    </ClCompile>
    <ClCompile Include="Objects\Checkpoint.cpp">
      <Filter>Objects</Filter>
    </ClCompile>
    <ClCompile Include="Objects\Crate.cpp">
      <Filter>Objects</Filter>
    </ClCompile>
    <ClCompile Include="Objects\DoNothing.cpp">
      <Filter>Objects</Filter>
    </ClCompile>
    <ClCompile Include="Objects\Elevator.cpp">
      <Filter>Objects</Filter>
    </ClCompile>
    <ClCompile Include="Objects\Pegs.cpp">
      <Filter>Objects</Filter>
    </ClCompile>
    <ClCompile Include="Objects\LeRauxe.cpp">
      <Filter>Objects\Enemies</Filter>
    </ClCompile>
    <ClCompile Include="Objects\Rat.cpp">
      <Filter>Objects\Enemies</Filter>
    </ClCompile>
    <ClCompile Include="Objects\Officer.cpp">
      <Filter>Objects\Enemies</Filter>
    </ClCompile>
    <ClCompile Include="Objects\PowderKeg.cpp">
      <Filter>Objects</Filter>
    </ClCompile>
    <ClCompile Include="Objects\Projectile.cpp">
      <Filter>Objects</Filter>
    </ClCompile>
    <ClCompile Include="Objects\SoundTrigger.cpp">
      <Filter>Objects</Filter>
    </ClCompile>
    <ClCompile Include="Objects\Item.cpp">
      <Filter>Objects</Filter>
    </ClCompile>
    <ClCompile Include="Objects\Soldier.cpp">
      <Filter>Objects\Enemies</Filter>
    </ClCompile>
    <ClCompile Include="Objects\Rope.cpp">
      <Filter>Objects</Filter>
    </ClCompile>
    <ClCompile Include="Objects\RobberThief.cpp">
      <Filter>Objects\Enemies</Filter>
    </ClCompile>
    <ClCompile Include="Objects\CutThroat.cpp">
      <Filter>Objects\Enemies</Filter>
    </ClCompile>
    <ClCompile Include="Objects\FloorSpike.cpp">
      <Filter>Objects</Filter>
    </ClCompile>
    <ClCompile Include="Objects\SteppingStone.cpp">
      <Filter>Objects</Filter>
    </ClCompile>
    <ClCompile Include="Objects\SpringBoard.cpp">
      <Filter>Objects</Filter>
    </ClCompile>
    <ClCompile Include="Objects\Statue.cpp">
      <Filter>Objects</Filter>
    </ClCompile>
    <ClCompile Include="Objects\BaseEnemy.cpp">
      <Filter>Objects</Filter>
    </ClCompile>
    <ClCompile Include="Objects\Katherine.cpp">
      <Filter>Objects\Enemies</Filter>
    </ClCompile>
    <ClCompile Include="Objects\Seagull.cpp">
      <Filter>Objects\Enemies</Filter>
    </ClCompile>
    <ClCompile Include="BaseBuffer.cpp">
      <Filter>Source Files</Filter>
    </ClCompile>
    <ClCompile Include="BufferReader.cpp">
      <Filter>Source Files</Filter>
    </ClCompile>
    <ClCompile Include="BufferWriter.cpp">
      <Filter>Source Files</Filter>
    </ClCompile>
    <ClCompile Include="Objects\TownGuard.cpp">
      <Filter>Objects\Enemies</Filter>
    </ClCompile>
    <ClCompile Include="Objects\GroundBlower.cpp">
      <Filter>Objects</Filter>
    </ClCompile>
    <ClCompile Include="Objects\GooVent.cpp">
      <Filter>Objects</Filter>
    </ClCompile>
    <ClCompile Include="Objects\Wolvington.cpp">
      <Filter>Objects\Enemies</Filter>
    </ClCompile>
    <ClCompile Include="Objects\RedTailPirate.cpp">
      <Filter>Objects\Enemies</Filter>
    </ClCompile>
    <ClCompile Include="Objects\BearSailor.cpp">
      <Filter>Objects\Enemies</Filter>
    </ClCompile>
    <ClCompile Include="Objects\CrazyHook.cpp">
      <Filter>Objects\Enemies</Filter>
    </ClCompile>
    <ClCompile Include="Objects\ConveyorBelt.cpp">
      <Filter>Objects</Filter>
    </ClCompile>
    <ClCompile Include="Objects\HermitCrab.cpp">
      <Filter>Objects\Enemies</Filter>
    </ClCompile>
    <ClCompile Include="Objects\CrabNest.cpp">
      <Filter>Objects</Filter>
    </ClCompile>
    <ClCompile Include="Objects\TProjectilesShooter.cpp">
      <Filter>Objects</Filter>
    </ClCompile>
    <ClCompile Include="Objects\PegLeg.cpp">
      <Filter>Objects\Enemies</Filter>
    </ClCompile>
    <ClCompile Include="Objects\Laser.cpp">
      <Filter>Objects</Filter>
    </ClCompile>
    <ClCompile Include="Objects\Mercat.cpp">
      <Filter>Objects\Enemies</Filter>
    </ClCompile>
    <ClCompile Include="Objects\Siren.cpp">
      <Filter>Objects\Enemies</Filter>
    </ClCompile>
  </ItemGroup>
  <ItemGroup>
    <ClInclude Include="ActionPlane.h">
      <Filter>Header Files</Filter>
    </ClInclude>
    <ClInclude Include="Animation.h">
      <Filter>Header Files</Filter>
    </ClInclude>
    <ClInclude Include="AnimationsManager.h">
      <Filter>Header Files</Filter>
    </ClInclude>
    <ClInclude Include="AssetsManager.h">
      <Filter>Header Files</Filter>
    </ClInclude>
    <ClInclude Include="AudioManager.h">
      <Filter>Header Files</Filter>
    </ClInclude>
    <ClInclude Include="BaseBuffer.h">
      <Filter>Header Files</Filter>
    </ClInclude>
    <ClInclude Include="BaseCharacter.h">
      <Filter>Header Files</Filter>
    </ClInclude>
    <ClInclude Include="BaseEngine.h">
      <Filter>Header Files</Filter>
    </ClInclude>
    <ClInclude Include="BasePlaneObject.h">
      <Filter>Header Files</Filter>
    </ClInclude>
    <ClInclude Include="BufferReader.h">
      <Filter>Header Files</Filter>
    </ClInclude>
    <ClInclude Include="BufferWriter.h">
      <Filter>Header Files</Filter>
    </ClInclude>
    <ClInclude Include="ClawLevelEngine.h">
      <Filter>Header Files</Filter>
    </ClInclude>
    <ClInclude Include="CollisionDistances.h">
      <Filter>Header Files</Filter>
    </ClInclude>
    <ClInclude Include="Exception.hpp">
      <Filter>Header Files</Filter>
    </ClInclude>
    <ClInclude Include="framework.h">
      <Filter>Header Files</Filter>
    </ClInclude>
    <ClInclude Include="GameMainApp.h">
      <Filter>Header Files</Filter>
    </ClInclude>
    <ClInclude Include="ImagesManager.h">
      <Filter>Header Files</Filter>
    </ClInclude>
    <ClInclude Include="LevelHUD.h">
      <Filter>Header Files</Filter>
    </ClInclude>
    <ClInclude Include="LevelMap.h">
      <Filter>Header Files</Filter>
    </ClInclude>
    <ClInclude Include="LevelPlane.h">
      <Filter>Header Files</Filter>
    </ClInclude>
    <ClInclude Include="MenuEngine.h">
      <Filter>Header Files</Filter>
    </ClInclude>
    <ClInclude Include="MidiPlayer.h">
      <Filter>Header Files</Filter>
    </ClInclude>
    <ClInclude Include="Miniz.h">
      <Filter>Header Files</Filter>
    </ClInclude>
    <ClInclude Include="PathManager.h">
      <Filter>Header Files</Filter>
    </ClInclude>
    <ClInclude Include="PidPalette.h">
      <Filter>Header Files</Filter>
    </ClInclude>
    <ClInclude Include="Player.h">
      <Filter>Header Files</Filter>
    </ClInclude>
    <ClInclude Include="RezArchive.h">
      <Filter>Header Files</Filter>
    </ClInclude>
    <ClInclude Include="UIBaseButton.h">
      <Filter>Header Files</Filter>
    </ClInclude>
    <ClInclude Include="UIBaseElement.h">
      <Filter>Header Files</Filter>
    </ClInclude>
    <ClInclude Include="UIBaseImage.h">
      <Filter>Header Files</Filter>
    </ClInclude>
    <ClInclude Include="WavPlayer.h">
      <Filter>Header Files</Filter>
    </ClInclude>
    <ClInclude Include="WindowManager.h">
      <Filter>Header Files</Filter>
    </ClInclude>
    <ClInclude Include="WwdFile.h">
      <Filter>Header Files</Filter>
    </ClInclude>
    <ClInclude Include="Objects\PowderKeg.h">
      <Filter>Objects</Filter>
    </ClInclude>
    <ClInclude Include="Objects\Projectile.h">
      <Filter>Objects</Filter>
    </ClInclude>
    <ClInclude Include="Objects\Soldier.h">
      <Filter>Objects\Enemies</Filter>
    </ClInclude>
    <ClInclude Include="Objects\SoundTrigger.h">
      <Filter>Objects</Filter>
    </ClInclude>
    <ClInclude Include="Objects\LeRauxe.h">
      <Filter>Objects\Enemies</Filter>
    </ClInclude>
    <ClInclude Include="Objects\Rat.h">
      <Filter>Objects\Enemies</Filter>
    </ClInclude>
    <ClInclude Include="Objects\Pegs.h">
      <Filter>Objects</Filter>
    </ClInclude>
    <ClInclude Include="Objects\Item.h">
      <Filter>Objects</Filter>
    </ClInclude>
    <ClInclude Include="Objects\Officer.h">
      <Filter>Objects\Enemies</Filter>
    </ClInclude>
    <ClInclude Include="Objects\DoNothing.h">
      <Filter>Objects</Filter>
    </ClInclude>
    <ClInclude Include="Objects\Crate.h">
      <Filter>Objects</Filter>
    </ClInclude>
    <ClInclude Include="Objects\Elevator.h">
      <Filter>Objects</Filter>
    </ClInclude>
    <ClInclude Include="Objects\Cannon.h">
      <Filter>Objects</Filter>
    </ClInclude>
    <ClInclude Include="Objects\Checkpoint.h">
      <Filter>Objects</Filter>
    </ClInclude>
    <ClInclude Include="Objects\Rope.h">
      <Filter>Objects</Filter>
    </ClInclude>
    <ClInclude Include="Objects\RobberThief.h">
      <Filter>Objects\Enemies</Filter>
    </ClInclude>
    <ClInclude Include="Objects\CutThroat.h">
      <Filter>Objects\Enemies</Filter>
    </ClInclude>
    <ClInclude Include="Objects\FloorSpike.h">
      <Filter>Objects</Filter>
    </ClInclude>
    <ClInclude Include="Objects\SteppingStone.h">
      <Filter>Objects</Filter>
    </ClInclude>
    <ClInclude Include="Objects\SpringBoard.h">
      <Filter>Objects</Filter>
    </ClInclude>
    <ClInclude Include="Objects\Statue.h">
      <Filter>Objects</Filter>
    </ClInclude>
    <ClInclude Include="Objects\BaseEnemy.h">
      <Filter>Objects</Filter>
    </ClInclude>
    <ClInclude Include="Objects\Katherine.h">
      <Filter>Objects\Enemies</Filter>
    </ClInclude>
    <ClInclude Include="Objects\Seagull.h">
      <Filter>Objects\Enemies</Filter>
    </ClInclude>
    <ClInclude Include="Objects\TownGuard.h">
      <Filter>Objects\Enemies</Filter>
    </ClInclude>
    <ClInclude Include="Objects\GroundBlower.h">
      <Filter>Objects</Filter>
    </ClInclude>
    <ClInclude Include="Objects\GooVent.h">
      <Filter>Header Files</Filter>
    </ClInclude>
    <ClInclude Include="Objects\Wolvington.h">
      <Filter>Objects\Enemies</Filter>
    </ClInclude>
    <ClInclude Include="Objects\RedTailPirate.h">
      <Filter>Objects\Enemies</Filter>
    </ClInclude>
    <ClInclude Include="Objects\BearSailor.h">
      <Filter>Objects\Enemies</Filter>
    </ClInclude>
    <ClInclude Include="Objects\CrazyHook.h">
      <Filter>Objects\Enemies</Filter>
    </ClInclude>
    <ClInclude Include="Objects\ConveyorBelt.h">
      <Filter>Objects</Filter>
    </ClInclude>
    <ClInclude Include="Objects\HermitCrab.h">
      <Filter>Objects\Enemies</Filter>
    </ClInclude>
    <ClInclude Include="Objects\CrabNest.h">
      <Filter>Objects</Filter>
    </ClInclude>
    <ClInclude Include="Objects\TProjectilesShooter.h">
      <Filter>Objects</Filter>
    </ClInclude>
    <ClInclude Include="Objects\PegLeg.h">
      <Filter>Objects\Enemies</Filter>
    </ClInclude>
    <ClInclude Include="Objects\Laser.h">
      <Filter>Objects</Filter>
    </ClInclude>
    <ClInclude Include="Objects\Mercat.h">
      <Filter>Objects\Enemies</Filter>
    </ClInclude>
    <ClInclude Include="Objects\Siren.h">
      <Filter>Objects\Enemies</Filter>
    </ClInclude>
  </ItemGroup>
</Project>