<?xml version="1.0" encoding="utf-8"?>
<Project ToolsVersion="4.0" xmlns="http://schemas.microsoft.com/developer/msbuild/2003">
  <ItemGroup>
    <Filter Include="Source Files">
      <UniqueIdentifier>{4FC737F1-C7A5-4376-A066-2A32D752A2FF}</UniqueIdentifier>
      <Extensions>cpp;c;cc;cxx;c++;cppm;ixx;def;odl;idl;hpj;bat;asm;asmx</Extensions>
    </Filter>
    <Filter Include="Objects">
      <UniqueIdentifier>{87b796eb-1bb2-4361-a4d5-c043cabab4c5}</UniqueIdentifier>
    </Filter>
    <Filter Include="Menu">
      <UniqueIdentifier>{fb7b0a3b-11c6-4fbe-85bb-639b5153db97}</UniqueIdentifier>
    </Filter>
    <Filter Include="Enemies">
      <UniqueIdentifier>{19966922-49b6-4d07-bb18-651a464b5668}</UniqueIdentifier>
    </Filter>
    <Filter Include="Assets-Managers">
      <UniqueIdentifier>{14ded9de-6d4c-4249-9095-c5d08cc021cd}</UniqueIdentifier>
    </Filter>
    <Filter Include="Enemies\Bosses">
      <UniqueIdentifier>{a2358142-1def-40ba-ad1d-4debfec04431}</UniqueIdentifier>
    </Filter>
    <Filter Include="Physics">
      <UniqueIdentifier>{94fb84c1-7bad-4e6a-8554-05dcd35cbc66}</UniqueIdentifier>
    </Filter>
    <Filter Include="Enemies\Bosses\Marrow">
      <UniqueIdentifier>{796e721e-68f4-485d-8638-7e1ea892a533}</UniqueIdentifier>
    </Filter>
    <Filter Include="Enemies\Bosses\Gabriel">
      <UniqueIdentifier>{1036710a-a9cb-4b55-8fd8-bcf138812bfe}</UniqueIdentifier>
    </Filter>
    <Filter Include="Enemies\Bosses\LordOmar">
      <UniqueIdentifier>{668b97b1-2b05-4629-9fd7-702ff0684f5f}</UniqueIdentifier>
    </Filter>
    <Filter Include="Enemies\Bosses\Aquatis">
      <UniqueIdentifier>{62474375-471c-458e-b27f-6bdf872eda1a}</UniqueIdentifier>
    </Filter>
  </ItemGroup>
  <ItemGroup>
    <ClCompile Include="main.cpp">
      <Filter>Source Files</Filter>
    </ClCompile>
    <ClCompile Include="ActionPlane.cpp">
      <Filter>Source Files</Filter>
    </ClCompile>
    <ClCompile Include="CheatsManager.cpp">
      <Filter>Source Files</Filter>
    </ClCompile>
    <ClCompile Include="ClawLevelEngine.cpp">
      <Filter>Source Files</Filter>
    </ClCompile>
    <ClCompile Include="GameMainApp.cpp">
      <Filter>Source Files</Filter>
    </ClCompile>
    <ClCompile Include="LevelHUD.cpp">
      <Filter>Source Files</Filter>
    </ClCompile>
    <ClCompile Include="LevelPlane.cpp">
      <Filter>Source Files</Filter>
    </ClCompile>
    <ClCompile Include="SavedDataManager.cpp">
      <Filter>Source Files</Filter>
    </ClCompile>
    <ClCompile Include="Objects\ActionPlaneMessage.cpp">
      <Filter>Objects</Filter>
    </ClCompile>
    <ClCompile Include="Objects\AmbientSound.cpp">
      <Filter>Objects</Filter>
    </ClCompile>
    <ClCompile Include="Objects\Cannon.cpp">
      <Filter>Objects</Filter>
    </ClCompile>
    <ClCompile Include="Objects\Checkpoint.cpp">
      <Filter>Objects</Filter>
    </ClCompile>
    <ClCompile Include="Objects\ClawProjectile.cpp">
      <Filter>Objects</Filter>
    </ClCompile>
    <ClCompile Include="Objects\ConveyorBelt.cpp">
      <Filter>Objects</Filter>
    </ClCompile>
    <ClCompile Include="Objects\CrabNest.cpp">
      <Filter>Objects</Filter>
    </ClCompile>
    <ClCompile Include="Objects\Crate.cpp">
      <Filter>Objects</Filter>
    </ClCompile>
    <ClCompile Include="Objects\DoNothing.cpp">
      <Filter>Objects</Filter>
    </ClCompile>
    <ClCompile Include="Objects\Elevator.cpp">
      <Filter>Objects</Filter>
    </ClCompile>
    <ClCompile Include="Objects\EnemyProjectile.cpp">
      <Filter>Objects</Filter>
    </ClCompile>
    <ClCompile Include="Objects\FloorSpike.cpp">
      <Filter>Objects</Filter>
    </ClCompile>
    <ClCompile Include="Objects\GooVent.cpp">
      <Filter>Objects</Filter>
    </ClCompile>
    <ClCompile Include="Objects\GroundBlower.cpp">
      <Filter>Objects</Filter>
    </ClCompile>
    <ClCompile Include="Objects\Item.cpp">
      <Filter>Objects</Filter>
    </ClCompile>
    <ClCompile Include="Objects\Laser.cpp">
      <Filter>Objects</Filter>
    </ClCompile>
    <ClCompile Include="Objects\LavaHand.cpp">
      <Filter>Objects</Filter>
    </ClCompile>
    <ClCompile Include="Objects\LavaMouth.cpp">
      <Filter>Objects</Filter>
    </ClCompile>
    <ClCompile Include="Objects\Pegs.cpp">
      <Filter>Objects</Filter>
    </ClCompile>
    <ClCompile Include="Objects\PowderKeg.cpp">
      <Filter>Objects</Filter>
    </ClCompile>
    <ClCompile Include="Objects\Projectile.cpp">
      <Filter>Objects</Filter>
    </ClCompile>
    <ClCompile Include="Objects\Rope.cpp">
      <Filter>Objects</Filter>
    </ClCompile>
    <ClCompile Include="Objects\SoundTrigger.cpp">
      <Filter>Objects</Filter>
    </ClCompile>
    <ClCompile Include="Objects\SpringBoard.cpp">
      <Filter>Objects</Filter>
    </ClCompile>
    <ClCompile Include="Objects\Stalactite.cpp">
      <Filter>Objects</Filter>
    </ClCompile>
    <ClCompile Include="Objects\Statue.cpp">
      <Filter>Objects</Filter>
    </ClCompile>
    <ClCompile Include="Objects\TProjectilesShooter.cpp">
      <Filter>Objects</Filter>
    </ClCompile>
    <ClCompile Include="Menu\CreditsEngine.cpp">
      <Filter>Menu</Filter>
    </ClCompile>
    <ClCompile Include="Menu\HierarchicalMenu.cpp">
      <Filter>Menu</Filter>
    </ClCompile>
    <ClCompile Include="Menu\LevelEndEngine.cpp">
      <Filter>Menu</Filter>
    </ClCompile>
    <ClCompile Include="Menu\LevelLoadingEngine.cpp">
      <Filter>Menu</Filter>
    </ClCompile>
    <ClCompile Include="Menu\MenuBackgroundImage.cpp">
      <Filter>Menu</Filter>
    </ClCompile>
    <ClCompile Include="Menu\MenuEngine.cpp">
      <Filter>Menu</Filter>
    </ClCompile>
    <ClCompile Include="Menu\MenuItem.cpp">
      <Filter>Menu</Filter>
    </ClCompile>
    <ClCompile Include="Menu\OpeningScreenEngine.cpp">
      <Filter>Menu</Filter>
    </ClCompile>
    <ClCompile Include="Menu\ScreenEngine.cpp">
      <Filter>Menu</Filter>
    </ClCompile>
    <ClCompile Include="Enemies\BearSailor.cpp">
      <Filter>Enemies</Filter>
    </ClCompile>
    <ClCompile Include="Enemies\Chameleon.cpp">
      <Filter>Enemies</Filter>
    </ClCompile>
    <ClCompile Include="Enemies\CrazyHook.cpp">
      <Filter>Enemies</Filter>
    </ClCompile>
    <ClCompile Include="Enemies\CutThroat.cpp">
      <Filter>Enemies</Filter>
    </ClCompile>
    <ClCompile Include="Enemies\Fish.cpp">
      <Filter>Enemies</Filter>
    </ClCompile>
    <ClCompile Include="Enemies\HermitCrab.cpp">
      <Filter>Enemies</Filter>
    </ClCompile>
    <ClCompile Include="Enemies\Mercat.cpp">
      <Filter>Enemies</Filter>
    </ClCompile>
    <ClCompile Include="Enemies\Officer.cpp">
      <Filter>Enemies</Filter>
    </ClCompile>
    <ClCompile Include="Enemies\PegLeg.cpp">
      <Filter>Enemies</Filter>
    </ClCompile>
    <ClCompile Include="Enemies\Rat.cpp">
      <Filter>Enemies</Filter>
    </ClCompile>
    <ClCompile Include="Enemies\RedTailPirate.cpp">
      <Filter>Enemies</Filter>
    </ClCompile>
    <ClCompile Include="Enemies\RobberThief.cpp">
      <Filter>Enemies</Filter>
    </ClCompile>
    <ClCompile Include="Enemies\Seagull.cpp">
      <Filter>Enemies</Filter>
    </ClCompile>
    <ClCompile Include="Enemies\Siren.cpp">
      <Filter>Enemies</Filter>
    </ClCompile>
    <ClCompile Include="Enemies\Soldier.cpp">
      <Filter>Enemies</Filter>
    </ClCompile>
    <ClCompile Include="Enemies\TigerGuard.cpp">
      <Filter>Enemies</Filter>
    </ClCompile>
    <ClCompile Include="Enemies\TownGuard.cpp">
      <Filter>Enemies</Filter>
    </ClCompile>
    <ClCompile Include="Assets-Managers\AnimationsManager.cpp">
      <Filter>Assets-Managers</Filter>
    </ClCompile>
    <ClCompile Include="Assets-Managers\AssetsManager.cpp">
      <Filter>Assets-Managers</Filter>
    </ClCompile>
    <ClCompile Include="Assets-Managers\PathManager.cpp">
      <Filter>Assets-Managers</Filter>
    </ClCompile>
    <ClCompile Include="Enemies\Bosses\LeRauxe.cpp">
      <Filter>Enemies\Bosses</Filter>
    </ClCompile>
    <ClCompile Include="Enemies\Bosses\Katherine.cpp">
      <Filter>Enemies\Bosses</Filter>
    </ClCompile>
    <ClCompile Include="Enemies\Bosses\RedTail.cpp">
      <Filter>Enemies\Bosses</Filter>
    </ClCompile>
    <ClCompile Include="Enemies\Bosses\Wolvington.cpp">
      <Filter>Enemies\Bosses</Filter>
    </ClCompile>
    <ClCompile Include="Objects\Player.cpp">
      <Filter>Objects</Filter>
    </ClCompile>
    <ClCompile Include="Enemies\BaseEnemy.cpp">
      <Filter>Enemies</Filter>
    </ClCompile>
    <ClCompile Include="Enemies\EnemyTools.cpp">
      <Filter>Enemies</Filter>
    </ClCompile>
    <ClCompile Include="Objects\BaseCharacter.cpp">
      <Filter>Objects</Filter>
    </ClCompile>
    <ClCompile Include="Objects\BasePlaneObject.cpp">
      <Filter>Objects</Filter>
    </ClCompile>
    <ClCompile Include="GlobalObjects.cpp">
      <Filter>Source Files</Filter>
    </ClCompile>
    <ClCompile Include="Physics\QuadTree.cpp">
      <Filter>Physics</Filter>
    </ClCompile>
    <ClCompile Include="Physics\PhysicsManager.cpp">
      <Filter>Physics</Filter>
    </ClCompile>
    <ClCompile Include="Enemies\Bosses\Marrow\Marrow.cpp">
      <Filter>Enemies\Bosses\Marrow</Filter>
    </ClCompile>
    <ClCompile Include="Enemies\Bosses\Marrow\MarrowStates.cpp">
      <Filter>Enemies\Bosses\Marrow</Filter>
    </ClCompile>
    <ClCompile Include="LevelObjectsFactory.cpp">
      <Filter>Source Files</Filter>
    </ClCompile>
    <ClCompile Include="Enemies\Bosses\Gabriel\Gabriel.cpp">
      <Filter>Enemies\Bosses\Gabriel</Filter>
    </ClCompile>
    <ClCompile Include="Enemies\Bosses\Gabriel\GabrielRedTailPirate.cpp">
      <Filter>Enemies\Bosses\Gabriel</Filter>
    </ClCompile>
    <ClCompile Include="Enemies\Bosses\LordOmar\LordOmar.cpp">
      <Filter>Enemies\Bosses\LordOmar</Filter>
    </ClCompile>
    <ClCompile Include="Enemies\Bosses\LordOmar\LordOmarShield.cpp">
      <Filter>Enemies\Bosses\LordOmar</Filter>
    </ClCompile>
    <ClCompile Include="Enemies\Bosses\Gabriel\DeadGabriel.cpp">
      <Filter>Enemies\Bosses\Gabriel</Filter>
    </ClCompile>
    <ClCompile Include="Enemies\Bosses\LordOmar\LordOmarProjectile.cpp">
      <Filter>Enemies\Bosses\LordOmar</Filter>
    </ClCompile>
    <ClCompile Include="Enemies\Bosses\Gabriel\GabrielBomb.cpp">
      <Filter>Enemies\Bosses\Gabriel</Filter>
    </ClCompile>
    <ClCompile Include="Enemies\Bosses\Aquatis\Aquatis.cpp">
      <Filter>Enemies\Bosses\Aquatis</Filter>
    </ClCompile>
    <ClCompile Include="Objects\OneTimeAnimation.cpp">
      <Filter>Objects</Filter>
    </ClCompile>
  </ItemGroup>
  <ItemGroup>
    <ClInclude Include="Objects\ActionPlaneMessage.h">
      <Filter>Objects</Filter>
    </ClInclude>
    <ClInclude Include="Objects\AmbientSound.h">
      <Filter>Objects</Filter>
    </ClInclude>
    <ClInclude Include="Objects\Cannon.h">
      <Filter>Objects</Filter>
    </ClInclude>
    <ClInclude Include="Objects\Checkpoint.h">
      <Filter>Objects</Filter>
    </ClInclude>
    <ClInclude Include="Objects\ClawProjectile.h">
      <Filter>Objects</Filter>
    </ClInclude>
    <ClInclude Include="Objects\ConveyorBelt.h">
      <Filter>Objects</Filter>
    </ClInclude>
    <ClInclude Include="Objects\CrabNest.h">
      <Filter>Objects</Filter>
    </ClInclude>
    <ClInclude Include="Objects\Crate.h">
      <Filter>Objects</Filter>
    </ClInclude>
    <ClInclude Include="Objects\DoNothing.h">
      <Filter>Objects</Filter>
    </ClInclude>
    <ClInclude Include="Objects\Elevator.h">
      <Filter>Objects</Filter>
    </ClInclude>
    <ClInclude Include="Objects\EnemyProjectile.h">
      <Filter>Objects</Filter>
    </ClInclude>
    <ClInclude Include="Objects\FloorSpike.h">
      <Filter>Objects</Filter>
    </ClInclude>
    <ClInclude Include="Objects\GooVent.h">
      <Filter>Objects</Filter>
    </ClInclude>
    <ClInclude Include="Objects\GroundBlower.h">
      <Filter>Objects</Filter>
    </ClInclude>
    <ClInclude Include="Objects\Item.h">
      <Filter>Objects</Filter>
    </ClInclude>
    <ClInclude Include="Objects\Laser.h">
      <Filter>Objects</Filter>
    </ClInclude>
    <ClInclude Include="Objects\LavaHand.h">
      <Filter>Objects</Filter>
    </ClInclude>
    <ClInclude Include="Objects\LavaMouth.h">
      <Filter>Objects</Filter>
    </ClInclude>
    <ClInclude Include="Objects\Pegs.h">
      <Filter>Objects</Filter>
    </ClInclude>
    <ClInclude Include="Objects\PowderKeg.h">
      <Filter>Objects</Filter>
    </ClInclude>
    <ClInclude Include="Objects\Projectile.h">
      <Filter>Objects</Filter>
    </ClInclude>
    <ClInclude Include="Objects\Rope.h">
      <Filter>Objects</Filter>
    </ClInclude>
    <ClInclude Include="Objects\SoundTrigger.h">
      <Filter>Objects</Filter>
    </ClInclude>
    <ClInclude Include="Objects\SpringBoard.h">
      <Filter>Objects</Filter>
    </ClInclude>
    <ClInclude Include="Objects\Stalactite.h">
      <Filter>Objects</Filter>
    </ClInclude>
    <ClInclude Include="Objects\Statue.h">
      <Filter>Objects</Filter>
    </ClInclude>
    <ClInclude Include="Objects\TProjectilesShooter.h">
      <Filter>Objects</Filter>
    </ClInclude>
    <ClInclude Include="Menu\CreditsEngine.h">
      <Filter>Menu</Filter>
    </ClInclude>
    <ClInclude Include="Menu\HierarchicalMenu.h">
      <Filter>Menu</Filter>
    </ClInclude>
    <ClInclude Include="Menu\LevelEndEngine.h">
      <Filter>Menu</Filter>
    </ClInclude>
    <ClInclude Include="Menu\LevelLoadingEngine.h">
      <Filter>Menu</Filter>
    </ClInclude>
    <ClInclude Include="Menu\MenuBackgroundImage.h">
      <Filter>Menu</Filter>
    </ClInclude>
    <ClInclude Include="Menu\MenuEngine.h">
      <Filter>Menu</Filter>
    </ClInclude>
    <ClInclude Include="Menu\MenuItem.h">
      <Filter>Menu</Filter>
    </ClInclude>
    <ClInclude Include="Menu\OpeningScreenEngine.h">
      <Filter>Menu</Filter>
    </ClInclude>
    <ClInclude Include="Menu\ScreenEngine.h">
      <Filter>Menu</Filter>
    </ClInclude>
    <ClInclude Include="Enemies\BearSailor.h">
      <Filter>Enemies</Filter>
    </ClInclude>
    <ClInclude Include="Enemies\Chameleon.h">
      <Filter>Enemies</Filter>
    </ClInclude>
    <ClInclude Include="Enemies\CrazyHook.h">
      <Filter>Enemies</Filter>
    </ClInclude>
    <ClInclude Include="Enemies\CutThroat.h">
      <Filter>Enemies</Filter>
    </ClInclude>
    <ClInclude Include="Enemies\Fish.h">
      <Filter>Enemies</Filter>
    </ClInclude>
    <ClInclude Include="Enemies\HermitCrab.h">
      <Filter>Enemies</Filter>
    </ClInclude>
    <ClInclude Include="Enemies\Mercat.h">
      <Filter>Enemies</Filter>
    </ClInclude>
    <ClInclude Include="Enemies\Officer.h">
      <Filter>Enemies</Filter>
    </ClInclude>
    <ClInclude Include="Enemies\PegLeg.h">
      <Filter>Enemies</Filter>
    </ClInclude>
    <ClInclude Include="Enemies\Rat.h">
      <Filter>Enemies</Filter>
    </ClInclude>
    <ClInclude Include="Enemies\RedTailPirate.h">
      <Filter>Enemies</Filter>
    </ClInclude>
    <ClInclude Include="Enemies\RobberThief.h">
      <Filter>Enemies</Filter>
    </ClInclude>
    <ClInclude Include="Enemies\Seagull.h">
      <Filter>Enemies</Filter>
    </ClInclude>
    <ClInclude Include="Enemies\Siren.h">
      <Filter>Enemies</Filter>
    </ClInclude>
    <ClInclude Include="Enemies\Soldier.h">
      <Filter>Enemies</Filter>
    </ClInclude>
    <ClInclude Include="Enemies\TigerGuard.h">
      <Filter>Enemies</Filter>
    </ClInclude>
    <ClInclude Include="Enemies\TownGuard.h">
      <Filter>Enemies</Filter>
    </ClInclude>
    <ClInclude Include="Assets-Managers\AnimationsManager.h">
      <Filter>Assets-Managers</Filter>
    </ClInclude>
    <ClInclude Include="Assets-Managers\AssetsManager.h">
      <Filter>Assets-Managers</Filter>
    </ClInclude>
    <ClInclude Include="ActionPlane.h">
      <Filter>Source Files</Filter>
    </ClInclude>
    <ClInclude Include="CheatsManager.h">
      <Filter>Source Files</Filter>
    </ClInclude>
    <ClInclude Include="ClawLevelEngine.h">
      <Filter>Source Files</Filter>
    </ClInclude>
    <ClInclude Include="GameMainApp.h">
      <Filter>Source Files</Filter>
    </ClInclude>
    <ClInclude Include="LevelHUD.h">
      <Filter>Source Files</Filter>
    </ClInclude>
    <ClInclude Include="LevelPlane.h">
      <Filter>Source Files</Filter>
    </ClInclude>
    <ClInclude Include="SavedDataManager.h">
      <Filter>Source Files</Filter>
    </ClInclude>
    <ClInclude Include="Assets-Managers\PathManager.h">
      <Filter>Assets-Managers</Filter>
    </ClInclude>
    <ClInclude Include="Enemies\Bosses\LeRauxe.h">
      <Filter>Enemies\Bosses</Filter>
    </ClInclude>
    <ClInclude Include="Enemies\Bosses\Katherine.h">
      <Filter>Enemies\Bosses</Filter>
    </ClInclude>
    <ClInclude Include="Enemies\Bosses\RedTail.h">
      <Filter>Enemies\Bosses</Filter>
    </ClInclude>
    <ClInclude Include="Enemies\Bosses\Wolvington.h">
      <Filter>Enemies\Bosses</Filter>
    </ClInclude>
    <ClInclude Include="Objects\Player.h">
      <Filter>Objects</Filter>
    </ClInclude>
    <ClInclude Include="Enemies\BaseEnemy.h">
      <Filter>Enemies</Filter>
    </ClInclude>
    <ClInclude Include="Enemies\EnemyTools.h">
      <Filter>Enemies</Filter>
    </ClInclude>
    <ClInclude Include="Objects\BaseCharacter.h">
      <Filter>Objects</Filter>
    </ClInclude>
    <ClInclude Include="Objects\BasePlaneObject.h">
      <Filter>Objects</Filter>
    </ClInclude>
    <ClInclude Include="GlobalObjects.h">
      <Filter>Source Files</Filter>
    </ClInclude>
    <ClInclude Include="Physics\QuadTree.h">
      <Filter>Physics</Filter>
    </ClInclude>
    <ClInclude Include="Physics\PhysicsManager.h">
      <Filter>Physics</Filter>
    </ClInclude>
    <ClInclude Include="Enemies\Bosses\Marrow\Marrow.h">
      <Filter>Enemies\Bosses\Marrow</Filter>
    </ClInclude>
    <ClInclude Include="Enemies\Bosses\Marrow\MarrowStates.h">
      <Filter>Enemies\Bosses\Marrow</Filter>
    </ClInclude>
    <ClInclude Include="LevelObjectsFactory.h">
      <Filter>Source Files</Filter>
    </ClInclude>
    <ClInclude Include="Enemies\Bosses\Gabriel\Gabriel.h">
      <Filter>Enemies\Bosses\Gabriel</Filter>
    </ClInclude>
    <ClInclude Include="Enemies\Bosses\Gabriel\GabrielRedTailPirate.h">
      <Filter>Enemies\Bosses\Gabriel</Filter>
    </ClInclude>
    <ClInclude Include="Enemies\Bosses\LordOmar\LordOmar.h">
      <Filter>Enemies\Bosses\LordOmar</Filter>
    </ClInclude>
    <ClInclude Include="Enemies\Bosses\LordOmar\LordOmarShield.h">
      <Filter>Enemies\Bosses\LordOmar</Filter>
    </ClInclude>
    <ClInclude Include="Enemies\Bosses\Gabriel\DeadGabriel.h">
      <Filter>Enemies\Bosses\Gabriel</Filter>
    </ClInclude>
    <ClInclude Include="Enemies\Bosses\LordOmar\LordOmarProjectile.h">
      <Filter>Enemies\Bosses\LordOmar</Filter>
    </ClInclude>
    <ClInclude Include="Enemies\Bosses\Gabriel\GabrielBomb.h">
      <Filter>Enemies\Bosses\Gabriel</Filter>
    </ClInclude>
    <ClInclude Include="Enemies\Bosses\Aquatis\Aquatis.h">
      <Filter>Enemies\Bosses\Aquatis</Filter>
    </ClInclude>
    <ClInclude Include="Objects\OneTimeAnimation.h">
      <Filter>Objects</Filter>
    </ClInclude>
  </ItemGroup>
</Project>