<?xml version="1.0" encoding="utf-8"?>
<Project ToolsVersion="4.0" xmlns="http://schemas.microsoft.com/developer/msbuild/2003">
  <ItemGroup>
    <Filter Include="Source Files">
      <UniqueIdentifier>{4FC737F1-C7A5-4376-A066-2A32D752A2FF}</UniqueIdentifier>
      <Extensions>cpp;c;cc;cxx;c++;cppm;ixx;def;odl;idl;hpj;bat;asm;asmx</Extensions>
    </Filter>
    <Filter Include="Objects">
      <UniqueIdentifier>{dc271a34-c867-4fdb-8e90-a808784358f7}</UniqueIdentifier>
    </Filter>
    <Filter Include="Assets-Managers">
      <UniqueIdentifier>{5eeb444f-47da-4190-ae43-4efa33079872}</UniqueIdentifier>
    </Filter>
    <Filter Include="GUI">
      <UniqueIdentifier>{c3d6819f-164a-4389-832f-0bbd7fd5e0bf}</UniqueIdentifier>
    </Filter>
    <Filter Include="Enemies">
      <UniqueIdentifier>{0535962b-54b5-4051-ba03-05f8905cde92}</UniqueIdentifier>
    </Filter>
    <Filter Include="Enemies\Bosses">
      <UniqueIdentifier>{1c7d5223-a64e-44b5-b5df-53149334a50d}</UniqueIdentifier>
    </Filter>
    <Filter Include="Menu">
      <UniqueIdentifier>{f8272b00-1ad2-4884-a7da-6dd7fe0c4aa6}</UniqueIdentifier>
    </Filter>
  </ItemGroup>
  <ItemGroup>
    <ClCompile Include="ActionPlane.cpp">
      <Filter>Source Files</Filter>
    </ClCompile>
    <ClCompile Include="BaseCharacter.cpp">
      <Filter>Source Files</Filter>
    </ClCompile>
    <ClCompile Include="BaseEngine.cpp">
      <Filter>Source Files</Filter>
    </ClCompile>
    <ClCompile Include="BasePlaneObject.cpp">
      <Filter>Source Files</Filter>
    </ClCompile>
    <ClCompile Include="ClawLevelEngine.cpp">
      <Filter>Source Files</Filter>
    </ClCompile>
    <ClCompile Include="GameMainApp.cpp">
      <Filter>Source Files</Filter>
    </ClCompile>
    <ClCompile Include="LevelHUD.cpp">
      <Filter>Source Files</Filter>
    </ClCompile>
    <ClCompile Include="main.cpp">
      <Filter>Source Files</Filter>
    </ClCompile>
    <ClCompile Include="Player.cpp">
      <Filter>Source Files</Filter>
    </ClCompile>
    <ClCompile Include="Objects\Cannon.cpp">
      <Filter>Objects</Filter>
    </ClCompile>
    <ClCompile Include="Objects\Checkpoint.cpp">
      <Filter>Objects</Filter>
    </ClCompile>
    <ClCompile Include="Objects\Crate.cpp">
      <Filter>Objects</Filter>
    </ClCompile>
    <ClCompile Include="Objects\DoNothing.cpp">
      <Filter>Objects</Filter>
    </ClCompile>
    <ClCompile Include="Objects\Elevator.cpp">
      <Filter>Objects</Filter>
    </ClCompile>
    <ClCompile Include="Objects\Pegs.cpp">
      <Filter>Objects</Filter>
    </ClCompile>
    <ClCompile Include="Objects\PowderKeg.cpp">
      <Filter>Objects</Filter>
    </ClCompile>
    <ClCompile Include="Objects\Projectile.cpp">
      <Filter>Objects</Filter>
    </ClCompile>
    <ClCompile Include="Objects\SoundTrigger.cpp">
      <Filter>Objects</Filter>
    </ClCompile>
    <ClCompile Include="Objects\Item.cpp">
      <Filter>Objects</Filter>
    </ClCompile>
    <ClCompile Include="Objects\Rope.cpp">
      <Filter>Objects</Filter>
    </ClCompile>
    <ClCompile Include="Objects\FloorSpike.cpp">
      <Filter>Objects</Filter>
    </ClCompile>
    <ClCompile Include="Objects\SpringBoard.cpp">
      <Filter>Objects</Filter>
    </ClCompile>
    <ClCompile Include="Objects\Statue.cpp">
      <Filter>Objects</Filter>
    </ClCompile>
    <ClCompile Include="Objects\GroundBlower.cpp">
      <Filter>Objects</Filter>
    </ClCompile>
    <ClCompile Include="Objects\GooVent.cpp">
      <Filter>Objects</Filter>
    </ClCompile>
    <ClCompile Include="Objects\ConveyorBelt.cpp">
      <Filter>Objects</Filter>
    </ClCompile>
    <ClCompile Include="Objects\CrabNest.cpp">
      <Filter>Objects</Filter>
    </ClCompile>
    <ClCompile Include="Objects\TProjectilesShooter.cpp">
      <Filter>Objects</Filter>
    </ClCompile>
    <ClCompile Include="Objects\Laser.cpp">
      <Filter>Objects</Filter>
    </ClCompile>
    <ClCompile Include="PhysicsManager.cpp">
      <Filter>Source Files</Filter>
    </ClCompile>
    <ClCompile Include="BaseEnemy.cpp">
      <Filter>Source Files</Filter>
    </ClCompile>
    <ClCompile Include="Enemies\BearSailor.cpp">
      <Filter>Enemies</Filter>
    </ClCompile>
    <ClCompile Include="Enemies\Chameleon.cpp">
      <Filter>Enemies</Filter>
    </ClCompile>
    <ClCompile Include="Enemies\CrazyHook.cpp">
      <Filter>Enemies</Filter>
    </ClCompile>
    <ClCompile Include="Enemies\CutThroat.cpp">
      <Filter>Enemies</Filter>
    </ClCompile>
    <ClCompile Include="Enemies\Fish.cpp">
      <Filter>Enemies</Filter>
    </ClCompile>
    <ClCompile Include="Enemies\HermitCrab.cpp">
      <Filter>Enemies</Filter>
    </ClCompile>
    <ClCompile Include="Enemies\Mercat.cpp">
      <Filter>Enemies</Filter>
    </ClCompile>
    <ClCompile Include="Enemies\Officer.cpp">
      <Filter>Enemies</Filter>
    </ClCompile>
    <ClCompile Include="Enemies\PegLeg.cpp">
      <Filter>Enemies</Filter>
    </ClCompile>
    <ClCompile Include="Enemies\Rat.cpp">
      <Filter>Enemies</Filter>
    </ClCompile>
    <ClCompile Include="Enemies\RedTailPirate.cpp">
      <Filter>Enemies</Filter>
    </ClCompile>
    <ClCompile Include="Enemies\RobberThief.cpp">
      <Filter>Enemies</Filter>
    </ClCompile>
    <ClCompile Include="Enemies\Seagull.cpp">
      <Filter>Enemies</Filter>
    </ClCompile>
    <ClCompile Include="Enemies\Siren.cpp">
      <Filter>Enemies</Filter>
    </ClCompile>
    <ClCompile Include="Enemies\Soldier.cpp">
      <Filter>Enemies</Filter>
    </ClCompile>
    <ClCompile Include="Enemies\TownGuard.cpp">
      <Filter>Enemies</Filter>
    </ClCompile>
    <ClCompile Include="Assets-Managers\AnimationsManager.cpp">
      <Filter>Assets-Managers</Filter>
    </ClCompile>
    <ClCompile Include="Assets-Managers\AssetsManager.cpp">
      <Filter>Assets-Managers</Filter>
    </ClCompile>
    <ClCompile Include="Assets-Managers\AudioManager.cpp">
      <Filter>Assets-Managers</Filter>
    </ClCompile>
    <ClCompile Include="Assets-Managers\BaseBuffer.cpp">
      <Filter>Assets-Managers</Filter>
    </ClCompile>
    <ClCompile Include="Assets-Managers\BufferReader.cpp">
      <Filter>Assets-Managers</Filter>
    </ClCompile>
    <ClCompile Include="Assets-Managers\BufferWriter.cpp">
      <Filter>Assets-Managers</Filter>
    </ClCompile>
    <ClCompile Include="Assets-Managers\ImagesManager.cpp">
      <Filter>Assets-Managers</Filter>
    </ClCompile>
    <ClCompile Include="Assets-Managers\MidiPlayer.cpp">
      <Filter>Assets-Managers</Filter>
    </ClCompile>
    <ClCompile Include="Assets-Managers\Miniz.cpp">
      <Filter>Assets-Managers</Filter>
    </ClCompile>
    <ClCompile Include="Assets-Managers\PathManager.cpp">
      <Filter>Assets-Managers</Filter>
    </ClCompile>
    <ClCompile Include="Assets-Managers\PidPalette.cpp">
      <Filter>Assets-Managers</Filter>
    </ClCompile>
    <ClCompile Include="Assets-Managers\RezArchive.cpp">
      <Filter>Assets-Managers</Filter>
    </ClCompile>
    <ClCompile Include="Assets-Managers\WavPlayer.cpp">
      <Filter>Assets-Managers</Filter>
    </ClCompile>
    <ClCompile Include="Assets-Managers\WwdFile.cpp">
      <Filter>Assets-Managers</Filter>
    </ClCompile>
    <ClCompile Include="Assets-Managers\XmiFile.cpp">
      <Filter>Assets-Managers</Filter>
    </ClCompile>
    <ClCompile Include="objects\Stalactite.cpp">
      <Filter>Objects</Filter>
    </ClCompile>
    <ClCompile Include="Objects\AmbientSound.cpp">
      <Filter>Objects</Filter>
    </ClCompile>
    <ClCompile Include="objects\ClawProjectile.cpp">
      <Filter>Objects</Filter>
    </ClCompile>
    <ClCompile Include="objects\EnemyProjectile.cpp">
      <Filter>Objects</Filter>
    </ClCompile>
    <ClCompile Include="Enemies\Aquatis.cpp">
      <Filter>Enemies\Bosses</Filter>
    </ClCompile>
    <ClCompile Include="Enemies\Katherine.cpp">
      <Filter>Enemies\Bosses</Filter>
    </ClCompile>
    <ClCompile Include="Enemies\LeRauxe.cpp">
      <Filter>Enemies\Bosses</Filter>
    </ClCompile>
    <ClCompile Include="Enemies\Marrow.cpp">
      <Filter>Enemies\Bosses</Filter>
    </ClCompile>
    <ClCompile Include="Enemies\Wolvington.cpp">
      <Filter>Enemies\Bosses</Filter>
    </ClCompile>
    <ClCompile Include="Enemies\Gabriel.cpp">
      <Filter>Enemies\Bosses</Filter>
    </ClCompile>
    <ClCompile Include="Objects\LavaMouth.cpp">
      <Filter>Objects</Filter>
    </ClCompile>
    <ClCompile Include="Enemies\RedTail.cpp">
      <Filter>Enemies\Bosses</Filter>
    </ClCompile>
    <ClCompile Include="EnemyHelp.cpp">
      <Filter>Source Files</Filter>
    </ClCompile>
    <ClCompile Include="Enemies\TigerGuard.cpp">
      <Filter>Enemies</Filter>
    </ClCompile>
    <ClCompile Include="GUI\Animation.cpp">
      <Filter>GUI</Filter>
    </ClCompile>
    <ClCompile Include="GUI\Rectangle2D.cpp">
      <Filter>GUI</Filter>
    </ClCompile>
    <ClCompile Include="GUI\UIBaseButton.cpp">
      <Filter>GUI</Filter>
    </ClCompile>
    <ClCompile Include="GUI\UIBaseElement.cpp">
      <Filter>GUI</Filter>
    </ClCompile>
    <ClCompile Include="GUI\UIBaseImage.cpp">
      <Filter>GUI</Filter>
    </ClCompile>
    <ClCompile Include="GUI\UITextElement.cpp">
      <Filter>GUI</Filter>
    </ClCompile>
    <ClCompile Include="GUI\WindowManager.cpp">
      <Filter>GUI</Filter>
    </ClCompile>
    <ClCompile Include="LevelPlane.cpp">
      <Filter>Source Files</Filter>
    </ClCompile>
    <ClCompile Include="Menu\HierarchicalMenu.cpp">
      <Filter>Menu</Filter>
    </ClCompile>
    <ClCompile Include="Menu\LevelEndEngine.cpp">
      <Filter>Menu</Filter>
    </ClCompile>
    <ClCompile Include="Menu\LevelLoadingEngine.cpp">
      <Filter>Menu</Filter>
    </ClCompile>
    <ClCompile Include="Menu\MenuBackgroundImage.cpp">
      <Filter>Menu</Filter>
    </ClCompile>
    <ClCompile Include="Menu\MenuEngine.cpp">
      <Filter>Menu</Filter>
    </ClCompile>
    <ClCompile Include="Menu\MenuItem.cpp">
      <Filter>Menu</Filter>
    </ClCompile>
    <ClCompile Include="Menu\OpeningScreenEngine.cpp">
      <Filter>Menu</Filter>
    </ClCompile>
    <ClCompile Include="Menu\CreditsEngine.cpp">
      <Filter>Menu</Filter>
    </ClCompile>
    <ClCompile Include="Menu\HelpScreenEngine.cpp">
      <Filter>Menu</Filter>
    </ClCompile>
    <ClCompile Include="Menu\ScreenEngine.cpp">
      <Filter>Menu</Filter>
    </ClCompile>
    <ClCompile Include="SavedGameManager.cpp">
      <Filter>Source Files</Filter>
    </ClCompile>
  </ItemGroup>
  <ItemGroup>
    <ClInclude Include="Objects\PowderKeg.h">
      <Filter>Objects</Filter>
    </ClInclude>
    <ClInclude Include="Objects\Projectile.h">
      <Filter>Objects</Filter>
    </ClInclude>
    <ClInclude Include="Objects\SoundTrigger.h">
      <Filter>Objects</Filter>
    </ClInclude>
    <ClInclude Include="Objects\Pegs.h">
      <Filter>Objects</Filter>
    </ClInclude>
    <ClInclude Include="Objects\Item.h">
      <Filter>Objects</Filter>
    </ClInclude>
    <ClInclude Include="Objects\DoNothing.h">
      <Filter>Objects</Filter>
    </ClInclude>
    <ClInclude Include="Objects\Crate.h">
      <Filter>Objects</Filter>
    </ClInclude>
    <ClInclude Include="Objects\Elevator.h">
      <Filter>Objects</Filter>
    </ClInclude>
    <ClInclude Include="Objects\Cannon.h">
      <Filter>Objects</Filter>
    </ClInclude>
    <ClInclude Include="Objects\Checkpoint.h">
      <Filter>Objects</Filter>
    </ClInclude>
    <ClInclude Include="Objects\Rope.h">
      <Filter>Objects</Filter>
    </ClInclude>
    <ClInclude Include="Objects\FloorSpike.h">
      <Filter>Objects</Filter>
    </ClInclude>
    <ClInclude Include="Objects\SpringBoard.h">
      <Filter>Objects</Filter>
    </ClInclude>
    <ClInclude Include="Objects\Statue.h">
      <Filter>Objects</Filter>
    </ClInclude>
    <ClInclude Include="Objects\GroundBlower.h">
      <Filter>Objects</Filter>
    </ClInclude>
    <ClInclude Include="Objects\ConveyorBelt.h">
      <Filter>Objects</Filter>
    </ClInclude>
    <ClInclude Include="Objects\CrabNest.h">
      <Filter>Objects</Filter>
    </ClInclude>
    <ClInclude Include="Objects\TProjectilesShooter.h">
      <Filter>Objects</Filter>
    </ClInclude>
    <ClInclude Include="Objects\Laser.h">
      <Filter>Objects</Filter>
    </ClInclude>
    <ClInclude Include="Objects\GooVent.h">
      <Filter>Objects</Filter>
    </ClInclude>
    <ClInclude Include="ActionPlane.h">
      <Filter>Source Files</Filter>
    </ClInclude>
    <ClInclude Include="BaseCharacter.h">
      <Filter>Source Files</Filter>
    </ClInclude>
    <ClInclude Include="BaseEngine.h">
      <Filter>Source Files</Filter>
    </ClInclude>
    <ClInclude Include="BasePlaneObject.h">
      <Filter>Source Files</Filter>
    </ClInclude>
    <ClInclude Include="ClawLevelEngine.h">
      <Filter>Source Files</Filter>
    </ClInclude>
    <ClInclude Include="Exception.hpp">
      <Filter>Source Files</Filter>
    </ClInclude>
    <ClInclude Include="framework.h">
      <Filter>Source Files</Filter>
    </ClInclude>
    <ClInclude Include="GameMainApp.h">
      <Filter>Source Files</Filter>
    </ClInclude>
    <ClInclude Include="LevelHUD.h">
      <Filter>Source Files</Filter>
    </ClInclude>
    <ClInclude Include="PhysicsManager.h">
      <Filter>Source Files</Filter>
    </ClInclude>
    <ClInclude Include="Player.h">
      <Filter>Source Files</Filter>
    </ClInclude>
    <ClInclude Include="BaseEnemy.h">
      <Filter>Source Files</Filter>
    </ClInclude>
    <ClInclude Include="Enemies\BearSailor.h">
      <Filter>Enemies</Filter>
    </ClInclude>
    <ClInclude Include="Enemies\Chameleon.h">
      <Filter>Enemies</Filter>
    </ClInclude>
    <ClInclude Include="Enemies\CrazyHook.h">
      <Filter>Enemies</Filter>
    </ClInclude>
    <ClInclude Include="Enemies\CutThroat.h">
      <Filter>Enemies</Filter>
    </ClInclude>
    <ClInclude Include="Enemies\Fish.h">
      <Filter>Enemies</Filter>
    </ClInclude>
    <ClInclude Include="Enemies\HermitCrab.h">
      <Filter>Enemies</Filter>
    </ClInclude>
    <ClInclude Include="Enemies\Mercat.h">
      <Filter>Enemies</Filter>
    </ClInclude>
    <ClInclude Include="Enemies\Officer.h">
      <Filter>Enemies</Filter>
    </ClInclude>
    <ClInclude Include="Enemies\PegLeg.h">
      <Filter>Enemies</Filter>
    </ClInclude>
    <ClInclude Include="Enemies\Rat.h">
      <Filter>Enemies</Filter>
    </ClInclude>
    <ClInclude Include="Enemies\RedTailPirate.h">
      <Filter>Enemies</Filter>
    </ClInclude>
    <ClInclude Include="Enemies\RobberThief.h">
      <Filter>Enemies</Filter>
    </ClInclude>
    <ClInclude Include="Enemies\Seagull.h">
      <Filter>Enemies</Filter>
    </ClInclude>
    <ClInclude Include="Enemies\Siren.h">
      <Filter>Enemies</Filter>
    </ClInclude>
    <ClInclude Include="Enemies\Soldier.h">
      <Filter>Enemies</Filter>
    </ClInclude>
    <ClInclude Include="Enemies\TownGuard.h">
      <Filter>Enemies</Filter>
    </ClInclude>
    <ClInclude Include="Assets-Managers\AnimationsManager.h">
      <Filter>Assets-Managers</Filter>
    </ClInclude>
    <ClInclude Include="Assets-Managers\AssetsManager.h">
      <Filter>Assets-Managers</Filter>
    </ClInclude>
    <ClInclude Include="Assets-Managers\AudioManager.h">
      <Filter>Assets-Managers</Filter>
    </ClInclude>
    <ClInclude Include="Assets-Managers\BaseBuffer.h">
      <Filter>Assets-Managers</Filter>
    </ClInclude>
    <ClInclude Include="Assets-Managers\BufferReader.h">
      <Filter>Assets-Managers</Filter>
    </ClInclude>
    <ClInclude Include="Assets-Managers\BufferWriter.h">
      <Filter>Assets-Managers</Filter>
    </ClInclude>
    <ClInclude Include="Assets-Managers\ImagesManager.h">
      <Filter>Assets-Managers</Filter>
    </ClInclude>
    <ClInclude Include="Assets-Managers\MidiPlayer.h">
      <Filter>Assets-Managers</Filter>
    </ClInclude>
    <ClInclude Include="Assets-Managers\PathManager.h">
      <Filter>Assets-Managers</Filter>
    </ClInclude>
    <ClInclude Include="Assets-Managers\PidPalette.h">
      <Filter>Assets-Managers</Filter>
    </ClInclude>
    <ClInclude Include="Assets-Managers\RezArchive.h">
      <Filter>Assets-Managers</Filter>
    </ClInclude>
    <ClInclude Include="Assets-Managers\WavPlayer.h">
      <Filter>Assets-Managers</Filter>
    </ClInclude>
    <ClInclude Include="Assets-Managers\WwdFile.h">
      <Filter>Assets-Managers</Filter>
    </ClInclude>
    <ClInclude Include="objects\Stalactite.h">
      <Filter>Objects</Filter>
    </ClInclude>
    <ClInclude Include="Objects\AmbientSound.h">
      <Filter>Objects</Filter>
    </ClInclude>
    <ClInclude Include="objects\ClawProjectile.h">
      <Filter>Objects</Filter>
    </ClInclude>
    <ClInclude Include="objects\EnemyProjectile.h">
      <Filter>Objects</Filter>
    </ClInclude>
    <ClInclude Include="Enemies\Aquatis.h">
      <Filter>Enemies\Bosses</Filter>
    </ClInclude>
    <ClInclude Include="Enemies\Katherine.h">
      <Filter>Enemies\Bosses</Filter>
    </ClInclude>
    <ClInclude Include="Enemies\LeRauxe.h">
      <Filter>Enemies\Bosses</Filter>
    </ClInclude>
    <ClInclude Include="Enemies\Marrow.h">
      <Filter>Enemies\Bosses</Filter>
    </ClInclude>
    <ClInclude Include="Enemies\Wolvington.h">
      <Filter>Enemies\Bosses</Filter>
    </ClInclude>
    <ClInclude Include="Enemies\Gabriel.h">
      <Filter>Enemies\Bosses</Filter>
    </ClInclude>
    <ClInclude Include="Objects\LavaMouth.h">
      <Filter>Objects</Filter>
    </ClInclude>
    <ClInclude Include="Enemies\RedTail.h">
      <Filter>Enemies\Bosses</Filter>
    </ClInclude>
    <ClInclude Include="EnemyHelp.h">
      <Filter>Source Files</Filter>
    </ClInclude>
    <ClInclude Include="Enemies\TigerGuard.h">
      <Filter>Enemies</Filter>
    </ClInclude>
    <ClInclude Include="GUI\Animation.h">
      <Filter>GUI</Filter>
    </ClInclude>
    <ClInclude Include="GUI\Rectangle2D.h">
      <Filter>GUI</Filter>
    </ClInclude>
    <ClInclude Include="GUI\UIBaseButton.h">
      <Filter>GUI</Filter>
    </ClInclude>
    <ClInclude Include="GUI\UIBaseElement.h">
      <Filter>GUI</Filter>
    </ClInclude>
    <ClInclude Include="GUI\UIBaseImage.h">
      <Filter>GUI</Filter>
    </ClInclude>
    <ClInclude Include="GUI\UITextElement.h">
      <Filter>GUI</Filter>
    </ClInclude>
    <ClInclude Include="GUI\WindowManager.h">
      <Filter>GUI</Filter>
    </ClInclude>
    <ClInclude Include="LevelPlane.h">
      <Filter>Source Files</Filter>
    </ClInclude>
    <ClInclude Include="Menu\HelpScreenEngine.h">
      <Filter>Menu</Filter>
    </ClInclude>
    <ClInclude Include="Menu\HierarchicalMenu.h">
      <Filter>Menu</Filter>
    </ClInclude>
    <ClInclude Include="Menu\LevelEndEngine.h">
      <Filter>Menu</Filter>
    </ClInclude>
    <ClInclude Include="Menu\LevelLoadingEngine.h">
      <Filter>Menu</Filter>
    </ClInclude>
    <ClInclude Include="Menu\MenuBackgroundImage.h">
      <Filter>Menu</Filter>
    </ClInclude>
    <ClInclude Include="Menu\MenuEngine.h">
      <Filter>Menu</Filter>
    </ClInclude>
    <ClInclude Include="Menu\MenuItem.h">
      <Filter>Menu</Filter>
    </ClInclude>
    <ClInclude Include="Menu\OpeningScreenEngine.h">
      <Filter>Menu</Filter>
    </ClInclude>
    <ClInclude Include="Menu\CreditsEngine.h">
      <Filter>Menu</Filter>
    </ClInclude>
    <ClInclude Include="Menu\ScreenEngine.h">
      <Filter>Menu</Filter>
    </ClInclude>
    <ClInclude Include="SavedGameManager.h">
      <Filter>Source Files</Filter>
    </ClInclude>
  </ItemGroup>
</Project>